
Microsoft Visual Studio Solution File, Format Version 12.00
# Visual Studio Version 17
VisualStudioVersion = 17.5.33424.131
MinimumVisualStudioVersion = 10.0.40219.1
Project("{888888A0-9F3D-457C-B088-3A5042F75D52}") = "Floyd_warshall", "Floyd_warshall\Floyd_warshall.pyproj", "{2FDE64AB-FD52-4C3A-88C5-E4F641F5D0C6}"
EndProject
Global
	GlobalSection(SolutionConfigurationPlatforms) = preSolution
		Debug|Any CPU = Debug|Any CPU
		Release|Any CPU = Release|Any CPU
	EndGlobalSection
	GlobalSection(ProjectConfigurationPlatforms) = postSolution
		{2FDE64AB-FD52-4C3A-88C5-E4F641F5D0C6}.Debug|Any CPU.ActiveCfg = Debug|Any CPU
		{2FDE64AB-FD52-4C3A-88C5-E4F641F5D0C6}.Release|Any CPU.ActiveCfg = Release|Any CPU
	EndGlobalSection
	GlobalSection(SolutionProperties) = preSolution
		HideSolutionNode = FALSE
	EndGlobalSection
	GlobalSection(ExtensibilityGlobals) = postSolution
		SolutionGuid = {459F2663-C913-40AC-A3CC-6128620C3DF1}
	EndGlobalSection
EndGlobal
